{
  "name": "design-system-impact-demo",
  "version": "1.0.0",
  "lockfileVersion": 3,
  "requires": true,
  "packages": {
    "": {
      "name": "design-system-impact-demo",
      "version": "1.0.0",
      "workspaces": [
        "packages/*",
        "apps/*"
      ],
      "devDependencies": {
        "@types/react": "^19.1.12",
        "design-system-guard": "0.2.0",
        "design-system-impact": "github:hanifb1360/design-system-impact#f19d9b4",
        "react": "^19.1.1",
        "typescript": "^5.9.2"
      },
      "engines": {
        "node": ">=22"
      }
    },
    "apps/barrel-consumer": {
      "name": "@acme/barrel-consumer",
      "version": "1.0.0",
      "dependencies": {
        "@acme/ui": "*",
        "react": "^19.1.1"
      }
    },
    "apps/checkout-legacy": {
      "name": "@acme/checkout-legacy",
      "version": "1.0.0",
      "dependencies": {
        "@acme/ui": "*",
        "react": "^19.1.1"
      }
    },
    "apps/checkout-migrated": {
      "name": "@acme/checkout-migrated",
      "version": "1.0.0",
      "dependencies": {
        "@acme/ui": "*",
        "react": "^19.1.1"
      }
    },
    "node_modules/@acme/barrel-consumer": {
      "resolved": "apps/barrel-consumer",
      "link": true
    },
    "node_modules/@acme/checkout-legacy": {
      "resolved": "apps/checkout-legacy",
      "link": true
    },
    "node_modules/@acme/checkout-migrated": {
      "resolved": "apps/checkout-migrated",
      "link": true
    },
    "node_modules/@acme/ui": {
      "resolved": "packages/ui",
      "link": true
    },
    "node_modules/@babel/helper-string-parser": {
      "version": "8.0.0",
      "resolved": "https://registry.npmjs.org/@babel/helper-string-parser/-/helper-string-parser-8.0.0.tgz",
      "integrity": "sha512-6mJgmFFFIIO82vvoLt9XtRC7/TkzXfts1t/SpRX4IHSzMgqoPYCWesVu1udUPUWioAE/2fcG6WuI8zrkE1gwrg==",
      "dev": true,
      "license": "MIT",
      "engines": {
        "node": "^22.18.0 || >=24.11.0"
      }
    },
    "node_modules/@babel/helper-validator-identifier": {
      "version": "8.0.4",
      "resolved": "https://registry.npmjs.org/@babel/helper-validator-identifier/-/helper-validator-identifier-8.0.4.tgz",
      "integrity": "sha512-4wFaiLd0bVo4cIoTXI3zKI038NIWE/cr3jvBjejOVYVxV/m8Ltav1USiGzG1fmS5J2RhgEOgXNNK46cRPnRsrg==",
      "dev": true,
      "license": "MIT",
      "engines": {
        "node": "^22.18.0 || >=24.11.0"
      }
    },
    "node_modules/@babel/parser": {
      "version": "8.0.5",
      "resolved": "https://registry.npmjs.org/@babel/parser/-/parser-8.0.5.tgz",
      "integrity": "sha512-51RXvQNFakaS0bTpYiGkxNbUVwkPO4kONv6EVLorZABxsx+KZ6Z7uSYvi/wmKS/+X+rfj9RvOw0/ZNh+cmI0Rw==",
      "dev": true,
      "license": "MIT",
      "dependencies": {
        "@babel/types": "^8.0.5"
      },
      "bin": {
        "parser": "bin/babel-parser.js"
      },
      "engines": {
        "node": "^22.18.0 || >=24.11.0"
      }
    },
    "node_modules/@babel/types": {
      "version": "8.0.5",
      "resolved": "https://registry.npmjs.org/@babel/types/-/types-8.0.5.tgz",
      "integrity": "sha512-eVdMqi3ej5aHhyQ2Si6yD2cAWeV8FJK9UrhK5aL0Sd8hu5GhT+YswhVNbVheOGVYMg8kuGuMaUpkB3stjj4z8A==",
      "dev": true,
      "license": "MIT",
      "dependencies": {
        "@babel/helper-string-parser": "^8.0.0",
        "@babel/helper-validator-identifier": "^8.0.4"
      },
      "engines": {
        "node": "^22.18.0 || >=24.11.0"
      }
    },
    "node_modules/@types/react": {
      "version": "19.3.0",
      "resolved": "https://registry.npmjs.org/@types/react/-/react-19.3.0.tgz",
      "integrity": "sha512-N0rFCuH9YoxG9/m61l9MfpJKfmLOVU0em7ipIz6TRgSSkvReLB9vL85GB+yr8Bs5leqpvg96JSwF4ZS1s4viQg==",
      "dev": true,
      "license": "MIT",
      "dependencies": {
        "csstype": "^3.2.2"
      }
    },
    "node_modules/csstype": {
      "version": "3.2.3",
      "resolved": "https://registry.npmjs.org/csstype/-/csstype-3.2.3.tgz",
      "integrity": "sha512-z1HGKcYy2xA8AGQfwrn0PAy+PB7X/GSj3UVJW9qKyn43xWa+gl5nXmU4qqLMRzWVLFC8KusUX8T/0kCiOYpAIQ==",
      "dev": true,
      "license": "MIT"
    },
    "node_modules/design-system-guard": {
      "version": "0.2.0",
      "resolved": "https://registry.npmjs.org/design-system-guard/-/design-system-guard-0.2.0.tgz",
      "integrity": "sha512-d563jh3hDAq/mYygeoyrwSVITSaCa/uSiHoVpf6UEHG1mgkzERYTKSXFlge9liQpqZxnEfYh1tcjUVZp4yKk7w==",
      "dev": true,
      "license": "MIT",
      "dependencies": {
        "@babel/parser": "^8.0.5"
      },
      "bin": {
        "design-system-guard": "dist/cli.mjs",
        "ui-guard": "dist/cli.mjs"
      },
      "engines": {
        "node": ">=22"
      },
      "peerDependencies": {
        "eslint": ">=9 <11"
      },
      "peerDependenciesMeta": {
        "eslint": {
          "optional": true
        }
      }
    },
    "node_modules/design-system-impact": {
      "version": "0.1.0",
      "resolved": "git+ssh://git@github.com/hanifb1360/design-system-impact.git#f19d9b49b8f4e81f6ebc296aca55468565a33a66",
      "dev": true,
      "license": "MIT",
      "dependencies": {
        "typescript": "^5.9.2"
      },
      "bin": {
        "design-system-impact": "dist/cli.js",
        "dsi": "dist/cli.js"
      },
      "engines": {
        "node": ">=20"
      }
    },
    "node_modules/react": {
      "version": "19.3.0",
      "resolved": "https://registry.npmjs.org/react/-/react-19.3.0.tgz",
      "integrity": "sha512-E8LUcbtBWt20bbl2YoHfx4ZDBdxVTfOKtCZn9cDSJ4l6/nuoApcpIBcj47t2wZoVX8g2ZHuMHbiShgCR1T5Sog==",
      "license": "MIT",
      "engines": {
        "node": ">=0.10.0"
      }
    },
    "node_modules/typescript": {
      "version": "5.9.3",
      "resolved": "https://registry.npmjs.org/typescript/-/typescript-5.9.3.tgz",
      "integrity": "sha512-jl1vZzPDinLr9eUt3J/t7V6FgNEw9QjvBPdysz9KfQDD41fQrC2Y4vKQdiaUpFT4bXlb1RHhLpp8wtm6M5TgSw==",
      "dev": true,
      "license": "Apache-2.0",
      "bin": {
        "tsc": "bin/tsc",
        "tsserver": "bin/tsserver"
      },
      "engines": {
        "node": ">=14.17"
      }
    },
    "packages/ui": {
      "name": "@acme/ui",
      "version": "2.0.0",
      "peerDependencies": {
        "react": ">=18"
      }
    }
  }
}
